// !$*UTF8*$!
{
	archiveVersion = 1;
	classes = {
	};
	objectVersion = 50;
	objects = {

/* Begin PBXBuildFile section */
		385592FB217C077700CC7777 /* AppDelegate.m in Sources */ = {isa = PBXBuildFile; fileRef = 385592FA217C077700CC7777 /* AppDelegate.m */; };
		385592FE217C077700CC7777 /* ViewController.m in Sources */ = {isa = PBXBuildFile; fileRef = 385592FD217C077700CC7777 /* ViewController.m */; };
		38559301217C077700CC7777 /* Main.storyboard in Resources */ = {isa = PBXBuildFile; fileRef = 385592FF217C077700CC7777 /* Main.storyboard */; };
		38559303217C077800CC7777 /* Assets.xcassets in Resources */ = {isa = PBXBuildFile; fileRef = 38559302217C077800CC7777 /* Assets.xcassets */; };
		38559306217C077800CC7777 /* LaunchScreen.storyboard in Resources */ = {isa = PBXBuildFile; fileRef = 38559304217C077800CC7777 /* LaunchScreen.storyboard */; };
		38559309217C077800CC7777 /* main.m in Sources */ = {isa = PBXBuildFile; fileRef = 38559308217C077800CC7777 /* main.m */; };
		38559313217C077800CC7777 /* FactBankTests.m in Sources */ = {isa = PBXBuildFile; fileRef = 38559312217C077800CC7777 /* FactBankTests.m */; };
		3855931E217C077800CC7777 /* FactBankUITests.m in Sources */ = {isa = PBXBuildFile; fileRef = 3855931D217C077800CC7777 /* FactBankUITests.m */; };
/* End PBXBuildFile section */

/* Begin PBXContainerItemProxy section */
		3855930F217C077800CC7777 /* PBXContainerItemProxy */ = {
			isa = PBXContainerItemProxy;
			containerPortal = 385592EE217C077700CC7777 /* Project object */;
			proxyType = 1;
			remoteGlobalIDString = 385592F5217C077700CC7777;
			remoteInfo = FactBank;
		};
		3855931A217C077800CC7777 /* PBXContainerItemProxy */ = {
			isa = PBXContainerItemProxy;
			containerPortal = 385592EE217C077700CC7777 /* Project object */;
			proxyType = 1;
			remoteGlobalIDString = 385592F5217C077700CC7777;
			remoteInfo = FactBank;
		};
/* End PBXContainerItemProxy section */

/* Begin PBXFileReference section */
		385592F6217C077700CC7777 /* FactBank.app */ = {isa = PBXFileReference; explicitFileType = wrapper.application; includeInIndex = 0; path = FactBank.app; sourceTree = BUILT_PRODUCTS_DIR; };
		385592F9217C077700CC7777 /* AppDelegate.h */ = {isa = PBXFileReference; lastKnownFileType = sourcecode.c.h; path = AppDelegate.h; sourceTree = "<group>"; };
		385592FA217C077700CC7777 /* AppDelegate.m */ = {isa = PBXFileReference; lastKnownFileType = sourcecode.c.objc; path = AppDelegate.m; sourceTree = "<group>"; };
		385592FC217C077700CC7777 /* ViewController.h */ = {isa = PBXFileReference; lastKnownFileType = sourcecode.c.h; path = ViewController.h; sourceTree = "<group>"; };
		385592FD217C077700CC7777 /* ViewController.m */ = {isa = PBXFileReference; lastKnownFileType = sourcecode.c.objc; path = ViewController.m; sourceTree = "<group>"; };
		38559300217C077700CC7777 /* Base */ = {isa = PBXFileReference; lastKnownFileType = file.storyboard; name = Base; path = Base.lproj/Main.storyboard; sourceTree = "<group>"; };
		38559302217C077800CC7777 /* Assets.xcassets */ = {isa = PBXFileReference; lastKnownFileType = folder.assetcatalog; path = Assets.xcassets; sourceTree = "<group>"; };
		38559305217C077800CC7777 /* Base */ = {isa = PBXFileReference; lastKnownFileType = file.storyboard; name = Base; path = Base.lproj/LaunchScreen.storyboard; sourceTree = "<group>"; };
		38559307217C077800CC7777 /* Info.plist */ = {isa = PBXFileReference; lastKnownFileType = text.plist.xml; path = Info.plist; sourceTree = "<group>"; };
		38559308217C077800CC7777 /* main.m */ = {isa = PBXFileReference; lastKnownFileType = sourcecode.c.objc; path = main.m; sourceTree = "<group>"; };
		3855930E217C077800CC7777 /* FactBankTests.xctest */ = {isa = PBXFileReference; explicitFileType = wrapper.cfbundle; includeInIndex = 0; path = FactBankTests.xctest; sourceTree = BUILT_PRODUCTS_DIR; };
		38559312217C077800CC7777 /* FactBankTests.m */ = {isa = PBXFileReference; lastKnownFileType = sourcecode.c.objc; path = FactBankTests.m; sourceTree = "<group>"; };
		38559314217C077800CC7777 /* Info.plist */ = {isa = PBXFileReference; lastKnownFileType = text.plist.xml; path = Info.plist; sourceTree = "<group>"; };
		38559319217C077800CC7777 /* FactBankUITests.xctest */ = {isa = PBXFileReference; explicitFileType = wrapper.cfbundle; includeInIndex = 0; path = FactBankUITests.xctest; sourceTree = BUILT_PRODUCTS_DIR; };
		3855931D217C077800CC7777 /* FactBankUITests.m */ = {isa = PBXFileReference; lastKnownFileType = sourcecode.c.objc; path = FactBankUITests.m; sourceTree = "<group>"; };
		3855931F217C077800CC7777 /* Info.plist */ = {isa = PBXFileReference; lastKnownFileType = text.plist.xml; path = Info.plist; sourceTree = "<group>"; };
/* End PBXFileReference section */

/* Begin PBXFrameworksBuildPhase section */
		385592F3217C077700CC7777 /* Frameworks */ = {
			isa = PBXFrameworksBuildPhase;
			buildActionMask = 2147483647;
			files = (
			);
			runOnlyForDeploymentPostprocessing = 0;
		};
		3855930B217C077800CC7777 /* Frameworks */ = {
			isa = PBXFrameworksBuildPhase;
			buildActionMask = 2147483647;
			files = (
			);
			runOnlyForDeploymentPostprocessing = 0;
		};
		38559316217C077800CC7777 /* Frameworks */ = {
			isa = PBXFrameworksBuildPhase;
			buildActionMask = 2147483647;
			files = (
			);
			runOnlyForDeploymentPostprocessing = 0;
		};
/* End PBXFrameworksBuildPhase section */

/* Begin PBXGroup section */
		385592ED217C077700CC7777 = {
			isa = PBXGroup;
			children = (
				385592F8217C077700CC7777 /* FactBank */,
				38559311217C077800CC7777 /* FactBankTests */,
				3855931C217C077800CC7777 /* FactBankUITests */,
				385592F7217C077700CC7777 /* Products */,
			);
			sourceTree = "<group>";
		};
		385592F7217C077700CC7777 /* Products */ = {
			isa = PBXGroup;
			children = (
				385592F6217C077700CC7777 /* FactBank.app */,
				3855930E217C077800CC7777 /* FactBankTests.xctest */,
				38559319217C077800CC7777 /* FactBankUITests.xctest */,
			);
			name = Products;
			sourceTree = "<group>";
		};
		385592F8217C077700CC7777 /* FactBank */ = {
			isa = PBXGroup;
			children = (
				385592F9217C077700CC7777 /* AppDelegate.h */,
				385592FA217C077700CC7777 /* AppDelegate.m */,
				385592FC217C077700CC7777 /* ViewController.h */,
				385592FD217C077700CC7777 /* ViewController.m */,
				385592FF217C077700CC7777 /* Main.storyboard */,
				38559302217C077800CC7777 /* Assets.xcassets */,
				38559304217C077800CC7777 /* LaunchScreen.storyboard */,
				38559307217C077800CC7777 /* Info.plist */,
				38559308217C077800CC7777 /* main.m */,
			);
			path = FactBank;
			sourceTree = "<group>";
		};
		38559311217C077800CC7777 /* FactBankTests */ = {
			isa = PBXGroup;
			children = (
				38559312217C077800CC7777 /* FactBankTests.m */,
				38559314217C077800CC7777 /* Info.plist */,
			);
			path = FactBankTests;
			sourceTree = "<group>";
		};
		3855931C217C077800CC7777 /* FactBankUITests */ = {
			isa = PBXGroup;
			children = (
				3855931D217C077800CC7777 /* FactBankUITests.m */,
				3855931F217C077800CC7777 /* Info.plist */,
			);
			path = FactBankUITests;
			sourceTree = "<group>";
		};
/* End PBXGroup section */

/* Begin PBXNativeTarget section */
		385592F5217C077700CC7777 /* FactBank */ = {
			isa = PBXNativeTarget;
			buildConfigurationList = 38559322217C077800CC7777 /* Build configuration list for PBXNativeTarget "FactBank" */;
			buildPhases = (
				385592F2217C077700CC7777 /* Sources */,
				385592F3217C077700CC7777 /* Frameworks */,
				385592F4217C077700CC7777 /* Resources */,
			);
			buildRules = (
			);
			dependencies = (
			);
			name = FactBank;
			productName = FactBank;
			productReference = 385592F6217C077700CC7777 /* FactBank.app */;
			productType = "com.apple.product-type.application";
		};
		3855930D217C077800CC7777 /* FactBankTests */ = {
			isa = PBXNativeTarget;
			buildConfigurationList = 38559325217C077800CC7777 /* Build configuration list for PBXNativeTarget "FactBankTests" */;
			buildPhases = (
				3855930A217C077800CC7777 /* Sources */,
				3855930B217C077800CC7777 /* Frameworks */,
				3855930C217C077800CC7777 /* Resources */,
			);
			buildRules = (
			);
			dependencies = (
				38559310217C077800CC7777 /* PBXTargetDependency */,
			);
			name = FactBankTests;
			productName = FactBankTests;
			productReference = 3855930E217C077800CC7777 /* FactBankTests.xctest */;
			productType = "com.apple.product-type.bundle.unit-test";
		};
		38559318217C077800CC7777 /* FactBankUITests */ = {
			isa = PBXNativeTarget;
			buildConfigurationList = 38559328217C077800CC7777 /* Build configuration list for PBXNativeTarget "FactBankUITests" */;
			buildPhases = (
				38559315217C077800CC7777 /* Sources */,
				38559316217C077800CC7777 /* Frameworks */,
				38559317217C077800CC7777 /* Resources */,
			);
			buildRules = (
			);
			dependencies = (
				3855931B217C077800CC7777 /* PBXTargetDependency */,
			);
			name = FactBankUITests;
			productName = FactBankUITests;
			productReference = 38559319217C077800CC7777 /* FactBankUITests.xctest */;
			productType = "com.apple.product-type.bundle.ui-testing";
		};
/* End PBXNativeTarget section */

/* Begin PBXProject section */
		385592EE217C077700CC7777 /* Project object */ = {
			isa = PBXProject;
			attributes = {
				LastUpgradeCheck = 1000;
				ORGANIZATIONNAME = "Mir M. Ahmed";
				TargetAttributes = {
					385592F5217C077700CC7777 = {
						CreatedOnToolsVersion = 10.0;
					};
					3855930D217C077800CC7777 = {
						CreatedOnToolsVersion = 10.0;
						TestTargetID = 385592F5217C077700CC7777;
					};
					38559318217C077800CC7777 = {
						CreatedOnToolsVersion = 10.0;
						TestTargetID = 385592F5217C077700CC7777;
					};
				};
			};
			buildConfigurationList = 385592F1217C077700CC7777 /* Build configuration list for PBXProject "FactBank" */;
			compatibilityVersion = "Xcode 9.3";
			developmentRegion = en;
			hasScannedForEncodings = 0;
			knownRegions = (
				en,
				Base,
			);
			mainGroup = 385592ED217C077700CC7777;
			productRefGroup = 385592F7217C077700CC7777 /* Products */;
			projectDirPath = "";
			projectRoot = "";
			targets = (
				385592F5217C077700CC7777 /* FactBank */,
				3855930D217C077800CC7777 /* FactBankTests */,
				38559318217C077800CC7777 /* FactBankUITests */,
			);
		};
/* End PBXProject section */

/* Begin PBXResourcesBuildPhase section */
		385592F4217C077700CC7777 /* Resources */ = {
			isa = PBXResourcesBuildPhase;
			buildActionMask = 2147483647;
			files = (
				38559306217C077800CC7777 /* LaunchScreen.storyboard in Resources */,
				38559303217C077800CC7777 /* Assets.xcassets in Resources */,
				38559301217C077700CC7777 /* Main.storyboard in Resources */,
			);
			runOnlyForDeploymentPostprocessing = 0;
		};
		3855930C217C077800CC7777 /* Resources */ = {
			isa = PBXResourcesBuildPhase;
			buildActionMask = 2147483647;
			files = (
			);
			runOnlyForDeploymentPostprocessing = 0;
		};
		38559317217C077800CC7777 /* Resources */ = {
			isa = PBXResourcesBuildPhase;
			buildActionMask = 2147483647;
			files = (
			);
			runOnlyForDeploymentPostprocessing = 0;
		};
/* End PBXResourcesBuildPhase section */

/* Begin PBXSourcesBuildPhase section */
		385592F2217C077700CC7777 /* Sources */ = {
			isa = PBXSourcesBuildPhase;
			buildActionMask = 2147483647;
			files = (
				385592FE217C077700CC7777 /* ViewController.m in Sources */,
				38559309217C077800CC7777 /* main.m in Sources */,
				385592FB217C077700CC7777 /* AppDelegate.m in Sources */,
			);
			runOnlyForDeploymentPostprocessing = 0;
		};
		3855930A217C077800CC7777 /* Sources */ = {
			isa = PBXSourcesBuildPhase;
			buildActionMask = 2147483647;
			files = (
				38559313217C077800CC7777 /* FactBankTests.m in Sources */,
			);
			runOnlyForDeploymentPostprocessing = 0;
		};
		38559315217C077800CC7777 /* Sources */ = {
			isa = PBXSourcesBuildPhase;
			buildActionMask = 2147483647;
			files = (
				3855931E217C077800CC7777 /* FactBankUITests.m in Sources */,
			);
			runOnlyForDeploymentPostprocessing = 0;
		};
/* End PBXSourcesBuildPhase section */

/* Begin PBXTargetDependency section */
		38559310217C077800CC7777 /* PBXTargetDependency */ = {
			isa = PBXTargetDependency;
			target = 385592F5217C077700CC7777 /* FactBank */;
			targetProxy = 3855930F217C077800CC7777 /* PBXContainerItemProxy */;
		};
		3855931B217C077800CC7777 /* PBXTargetDependency */ = {
			isa = PBXTargetDependency;
			target = 385592F5217C077700CC7777 /* FactBank */;
			targetProxy = 3855931A217C077800CC7777 /* PBXContainerItemProxy */;
		};
/* End PBXTargetDependency section */

/* Begin PBXVariantGroup section */
		385592FF217C077700CC7777 /* Main.storyboard */ = {
			isa = PBXVariantGroup;
			children = (
				38559300217C077700CC7777 /* Base */,
			);
			name = Main.storyboard;
			sourceTree = "<group>";
		};
		38559304217C077800CC7777 /* LaunchScreen.storyboard */ = {
			isa = PBXVariantGroup;
			children = (
				38559305217C077800CC7777 /* Base */,
			);
			name = LaunchScreen.storyboard;
			sourceTree = "<group>";
		};
/* End PBXVariantGroup section */

/* Begin XCBuildConfiguration section */
		38559320217C077800CC7777 /* Debug */ = {
			isa = XCBuildConfiguration;
			buildSettings = {
				ALWAYS_SEARCH_USER_PATHS = NO;
				CLANG_ANALYZER_NONNULL = YES;
				CLANG_ANALYZER_NUMBER_OBJECT_CONVERSION = YES_AGGRESSIVE;
				CLANG_CXX_LANGUAGE_STANDARD = "gnu++14";
				CLANG_CXX_LIBRARY = "libc++";
				CLANG_ENABLE_MODULES = YES;
				CLANG_ENABLE_OBJC_ARC = YES;
				CLANG_ENABLE_OBJC_WEAK = YES;
				CLANG_WARN_BLOCK_CAPTURE_AUTORELEASING = YES;
				CLANG_WARN_BOOL_CONVERSION = YES;
				CLANG_WARN_COMMA = YES;
				CLANG_WARN_CONSTANT_CONVERSION = YES;
				CLANG_WARN_DEPRECATED_OBJC_IMPLEMENTATIONS = YES;
				CLANG_WARN_DIRECT_OBJC_ISA_USAGE = YES_ERROR;
				CLANG_WARN_DOCUMENTATION_COMMENTS = YES;
				CLANG_WARN_EMPTY_BODY = YES;
				CLANG_WARN_ENUM_CONVERSION = YES;
				CLANG_WARN_INFINITE_RECURSION = YES;
				CLANG_WARN_INT_CONVERSION = YES;
				CLANG_WARN_NON_LITERAL_NULL_CONVERSION = YES;
				CLANG_WARN_OBJC_IMPLICIT_RETAIN_SELF = YES;
				CLANG_WARN_OBJC_LITERAL_CONVERSION = YES;
				CLANG_WARN_OBJC_ROOT_CLASS = YES_ERROR;
				CLANG_WARN_RANGE_LOOP_ANALYSIS = YES;
				CLANG_WARN_STRICT_PROTOTYPES = YES;
				CLANG_WARN_SUSPICIOUS_MOVE = YES;
				CLANG_WARN_UNGUARDED_AVAILABILITY = YES_AGGRESSIVE;
				CLANG_WARN_UNREACHABLE_CODE = YES;
				CLANG_WARN__DUPLICATE_METHOD_MATCH = YES;
				CODE_SIGN_IDENTITY = "iPhone Developer";
				COPY_PHASE_STRIP = NO;
				DEBUG_INFORMATION_FORMAT = dwarf;
				ENABLE_STRICT_OBJC_MSGSEND = YES;
				ENABLE_TESTABILITY = YES;
				GCC_C_LANGUAGE_STANDARD = gnu11;
				GCC_DYNAMIC_NO_PIC = NO;
				GCC_NO_COMMON_BLOCKS = YES;
				GCC_OPTIMIZATION_LEVEL = 0;
				GCC_PREPROCESSOR_DEFINITIONS = (
					"DEBUG=1",
					"$(inherited)",
				);
				GCC_WARN_64_TO_32_BIT_CONVERSION = YES;
				GCC_WARN_ABOUT_RETURN_TYPE = YES_ERROR;
				GCC_WARN_UNDECLARED_SELECTOR = YES;
				GCC_WARN_UNINITIALIZED_AUTOS = YES_AGGRESSIVE;
				GCC_WARN_UNUSED_FUNCTION = YES;
				GCC_WARN_UNUSED_VARIABLE = YES;
				IPHONEOS_DEPLOYMENT_TARGET = 12.0;
				MTL_ENABLE_DEBUG_INFO = INCLUDE_SOURCE;
				MTL_FAST_MATH = YES;
				ONLY_ACTIVE_ARCH = YES;
				SDKROOT = iphoneos;
			};
			name = Debug;
		};
		38559321217C077800CC7777 /* Release */ = {
			isa = XCBuildConfiguration;
			buildSettings = {
				ALWAYS_SEARCH_USER_PATHS = NO;
				CLANG_ANALYZER_NONNULL = YES;
				CLANG_ANALYZER_NUMBER_OBJECT_CONVERSION = YES_AGGRESSIVE;
				CLANG_CXX_LANGUAGE_STANDARD = "gnu++14";
				CLANG_CXX_LIBRARY = "libc++";
				CLANG_ENABLE_MODULES = YES;
				CLANG_ENABLE_OBJC_ARC = YES;
				CLANG_ENABLE_OBJC_WEAK = YES;
				CLANG_WARN_BLOCK_CAPTURE_AUTORELEASING = YES;
				CLANG_WARN_BOOL_CONVERSION = YES;
				CLANG_WARN_COMMA = YES;
				CLANG_WARN_CONSTANT_CONVERSION = YES;
				CLANG_WARN_DEPRECATED_OBJC_IMPLEMENTATIONS = YES;
				CLANG_WARN_DIRECT_OBJC_ISA_USAGE = YES_ERROR;
				CLANG_WARN_DOCUMENTATION_COMMENTS = YES;
				CLANG_WARN_EMPTY_BODY = YES;
				CLANG_WARN_ENUM_CONVERSION = YES;
				CLANG_WARN_INFINITE_RECURSION = YES;
				CLANG_WARN_INT_CONVERSION = YES;
				CLANG_WARN_NON_LITERAL_NULL_CONVERSION = YES;
				CLANG_WARN_OBJC_IMPLICIT_RETAIN_SELF = YES;
				CLANG_WARN_OBJC_LITERAL_CONVERSION = YES;
				CLANG_WARN_OBJC_ROOT_CLASS = YES_ERROR;
				CLANG_WARN_RANGE_LOOP_ANALYSIS = YES;
				CLANG_WARN_STRICT_PROTOTYPES = YES;
				CLANG_WARN_SUSPICIOUS_MOVE = YES;
				CLANG_WARN_UNGUARDED_AVAILABILITY = YES_AGGRESSIVE;
				CLANG_WARN_UNREACHABLE_CODE = YES;
				CLANG_WARN__DUPLICATE_METHOD_MATCH = YES;
				CODE_SIGN_IDENTITY = "iPhone Developer";
				COPY_PHASE_STRIP = NO;
				DEBUG_INFORMATION_FORMAT = "dwarf-with-dsym";
				ENABLE_NS_ASSERTIONS = NO;
				ENABLE_STRICT_OBJC_MSGSEND = YES;
				GCC_C_LANGUAGE_STANDARD = gnu11;
				GCC_NO_COMMON_BLOCKS = YES;
				GCC_WARN_64_TO_32_BIT_CONVERSION = YES;
				GCC_WARN_ABOUT_RETURN_TYPE = YES_ERROR;
				GCC_WARN_UNDECLARED_SELECTOR = YES;
				GCC_WARN_UNINITIALIZED_AUTOS = YES_AGGRESSIVE;
				GCC_WARN_UNUSED_FUNCTION = YES;
				GCC_WARN_UNUSED_VARIABLE = YES;
				IPHONEOS_DEPLOYMENT_TARGET = 12.0;
				MTL_ENABLE_DEBUG_INFO = NO;
				MTL_FAST_MATH = YES;
				SDKROOT = iphoneos;
				VALIDATE_PRODUCT = YES;
			};
			name = Release;
		};
		38559323217C077800CC7777 /* Debug */ = {
			isa = XCBuildConfiguration;
			buildSettings = {
				ASSETCATALOG_COMPILER_APPICON_NAME = AppIcon;
				CODE_SIGN_STYLE = Automatic;
				DEVELOPMENT_TEAM = A44F5WGJN6;
				INFOPLIST_FILE = FactBank/Info.plist;
				LD_RUNPATH_SEARCH_PATHS = (
					"$(inherited)",
					"@executable_path/Frameworks",
				);
				PRODUCT_BUNDLE_IDENTIFIER = mirsapps.FactBank;
				PRODUCT_NAME = "$(TARGET_NAME)";
				TARGETED_DEVICE_FAMILY = "1,2";
			};
			name = Debug;
		};
		38559324217C077800CC7777 /* Release */ = {
			isa = XCBuildConfiguration;
			buildSettings = {
				ASSETCATALOG_COMPILER_APPICON_NAME = AppIcon;
				CODE_SIGN_STYLE = Automatic;
				DEVELOPMENT_TEAM = A44F5WGJN6;
				INFOPLIST_FILE = FactBank/Info.plist;
				LD_RUNPATH_SEARCH_PATHS = (
					"$(inherited)",
					"@executable_path/Frameworks",
				);
				PRODUCT_BUNDLE_IDENTIFIER = mirsapps.FactBank;
				PRODUCT_NAME = "$(TARGET_NAME)";
				TARGETED_DEVICE_FAMILY = "1,2";
			};
			name = Release;
		};
		38559326217C077800CC7777 /* Debug */ = {
			isa = XCBuildConfiguration;
			buildSettings = {
				BUNDLE_LOADER = "$(TEST_HOST)";
				CODE_SIGN_STYLE = Automatic;
				DEVELOPMENT_TEAM = A44F5WGJN6;
				INFOPLIST_FILE = FactBankTests/Info.plist;
				LD_RUNPATH_SEARCH_PATHS = (
					"$(inherited)",
					"@executable_path/Frameworks",
					"@loader_path/Frameworks",
				);
				PRODUCT_BUNDLE_IDENTIFIER = mirsapps.FactBankTests;
				PRODUCT_NAME = "$(TARGET_NAME)";
				TARGETED_DEVICE_FAMILY = "1,2";
				TEST_HOST = "$(BUILT_PRODUCTS_DIR)/FactBank.app/FactBank";
			};
			name = Debug;
		};
		38559327217C077800CC7777 /* Release */ = {
			isa = XCBuildConfiguration;
			buildSettings = {
				BUNDLE_LOADER = "$(TEST_HOST)";
				CODE_SIGN_STYLE = Automatic;
				DEVELOPMENT_TEAM = A44F5WGJN6;
				INFOPLIST_FILE = FactBankTests/Info.plist;
				LD_RUNPATH_SEARCH_PATHS = (
					"$(inherited)",
					"@executable_path/Frameworks",
					"@loader_path/Frameworks",
				);
				PRODUCT_BUNDLE_IDENTIFIER = mirsapps.FactBankTests;
				PRODUCT_NAME = "$(TARGET_NAME)";
				TARGETED_DEVICE_FAMILY = "1,2";
				TEST_HOST = "$(BUILT_PRODUCTS_DIR)/FactBank.app/FactBank";
			};
			name = Release;
		};
		38559329217C077800CC7777 /* Debug */ = {
			isa = XCBuildConfiguration;
			buildSettings = {
				CODE_SIGN_STYLE = Automatic;
				DEVELOPMENT_TEAM = A44F5WGJN6;
				INFOPLIST_FILE = FactBankUITests/Info.plist;
				LD_RUNPATH_SEARCH_PATHS = (
					"$(inherited)",
					"@executable_path/Frameworks",
					"@loader_path/Frameworks",
				);
				PRODUCT_BUNDLE_IDENTIFIER = mirsapps.FactBankUITests;
				PRODUCT_NAME = "$(TARGET_NAME)";
				TARGETED_DEVICE_FAMILY = "1,2";
				TEST_TARGET_NAME = FactBank;
			};
			name = Debug;
		};
		3855932A217C077800CC7777 /* Release */ = {
			isa = XCBuildConfiguration;
			buildSettings = {
				CODE_SIGN_STYLE = Automatic;
				DEVELOPMENT_TEAM = A44F5WGJN6;
				INFOPLIST_FILE = FactBankUITests/Info.plist;
				LD_RUNPATH_SEARCH_PATHS = (
					"$(inherited)",
					"@executable_path/Frameworks",
					"@loader_path/Frameworks",
				);
				PRODUCT_BUNDLE_IDENTIFIER = mirsapps.FactBankUITests;
				PRODUCT_NAME = "$(TARGET_NAME)";
				TARGETED_DEVICE_FAMILY = "1,2";
				TEST_TARGET_NAME = FactBank;
			};
			name = Release;
		};
/* End XCBuildConfiguration section */

/* Begin XCConfigurationList section */
		385592F1217C077700CC7777 /* Build configuration list for PBXProject "FactBank" */ = {
			isa = XCConfigurationList;
			buildConfigurations = (
				38559320217C077800CC7777 /* Debug */,
				38559321217C077800CC7777 /* Release */,
			);
			defaultConfigurationIsVisible = 0;
			defaultConfigurationName = Release;
		};
		38559322217C077800CC7777 /* Build configuration list for PBXNativeTarget "FactBank" */ = {
			isa = XCConfigurationList;
			buildConfigurations = (
				38559323217C077800CC7777 /* Debug */,
				38559324217C077800CC7777 /* Release */,
			);
			defaultConfigurationIsVisible = 0;
			defaultConfigurationName = Release;
		};
		38559325217C077800CC7777 /* Build configuration list for PBXNativeTarget "FactBankTests" */ = {
			isa = XCConfigurationList;
			buildConfigurations = (
				38559326217C077800CC7777 /* Debug */,
				38559327217C077800CC7777 /* Release */,
			);
			defaultConfigurationIsVisible = 0;
			defaultConfigurationName = Release;
		};
		38559328217C077800CC7777 /* Build configuration list for PBXNativeTarget "FactBankUITests" */ = {
			isa = XCConfigurationList;
			buildConfigurations = (
				38559329217C077800CC7777 /* Debug */,
				3855932A217C077800CC7777 /* Release */,
			);
			defaultConfigurationIsVisible = 0;
			defaultConfigurationName = Release;
		};
/* End XCConfigurationList section */
	};
	rootObject = 385592EE217C077700CC7777 /* Project object */;
}
